
Microsoft Visual Studio Solution File, Format Version 12.00
# Visual Studio Version 17
VisualStudioVersion = 17.10.35122.118
MinimumVisualStudioVersion = 10.0.40219.1
Project("{FAE04EC0-301F-11D3-BF4B-00C04F79EFBC}") = "EF Core Demo02", "EF Core Demo02\EF Core Demo02.csproj", "{A57222BA-104C-44B1-A795-BC830D1F030E}"
EndProject
Global
	GlobalSection(SolutionConfigurationPlatforms) = preSolution
		Debug|Any CPU = Debug|Any CPU
		Release|Any CPU = Release|Any CPU
	EndGlobalSection
	GlobalSection(ProjectConfigurationPlatforms) = postSolution
		{A57222BA-104C-44B1-A795-BC830D1F030E}.Debug|Any CPU.ActiveCfg = Debug|Any CPU
		{A57222BA-104C-44B1-A795-BC830D1F030E}.Debug|Any CPU.Build.0 = Debug|Any CPU
		{A57222BA-104C-44B1-A795-BC830D1F030E}.Release|Any CPU.ActiveCfg = Release|Any CPU
		{A57222BA-104C-44B1-A795-BC830D1F030E}.Release|Any CPU.Build.0 = Release|Any CPU
	EndGlobalSection
	GlobalSection(SolutionProperties) = preSolution
		HideSolutionNode = FALSE
	EndGlobalSection
	GlobalSection(ExtensibilityGlobals) = postSolution
		SolutionGuid = {70A186EE-C87E-498B-A6C2-D19E201E89B9}
	EndGlobalSection
EndGlobal
